# This file was autogenerated by Stack.
# You should not edit this file by hand.
# For more information, please see the documentation at:
#   https://docs.haskellstack.org/en/stable/lock_files

packages:
- completed:
    hackage: QuickCheck-2.13.2@sha256:636e7265bf75122e7e2f97627c47aad3b772ee3b35b134cafb6095116ce8d07a,6974
    pantry-tree:
      size: 2202
      sha256: b917f922fc59d98d47b789f50c5a569d1b80ae08d52f4fbebbaad7fc62479e0d
  original:
    hackage: QuickCheck-2.13.2
- completed:
    hackage: mtl-2.2@sha256:196245fd66a24e3c253f7714b5f848fbe4dadf0cc49716f597e164d12d346ddc,1614
    pantry-tree:
      size: 1593
      sha256: 325b8bf047e3e98c00fdb648692d059ba3039745e906193efb46e49b4e394e7a
  original:
    hackage: mtl-2.2
- completed:
    hackage: containers-0.6.2.1@sha256:bbc3d2d5eef59a5d26383fb4b727c968390f2b6e9bd413d29aa875175bb16f8b,2460
    pantry-tree:
      size: 2823
      sha256: 5bb0af2da4e4cc5472a17063ecdbda8f1117e5f3509fcd600f2cbd7e2b760f49
  original:
    hackage: containers-0.6.2.1
snapshots:
- completed:
    size: 533252
    url: https://raw.githubusercontent.com/commercialhaskell/stackage-snapshots/master/lts/16/26.yaml
    sha256: cdbc5db9c1afe80a5998247939027a0c7db92fa0f20b5cd01596ec3da628b622
  original: lts-16.26
